github.com/mackerelio/golib v1.2.2 h1:fQfW1o2KvPyIsAH/7+M2J0gpf2jLu+NyYpDCN79zxW4=
github.com/mackerelio/golib v1.2.2/go.mod h1:itcSOfrsT5XvkzflFPebT43RrliaKDz2T6YGYt3jclw=
golang.org/x/text v0.40.0 h1:Ub2Z6/xjgF1WrYQz2nuITOEegKFtiIy+rieRJ5lHZKs=
golang.org/x/text v0.40.0/go.mod h1:hpnzDAfGV753zIKo+wk3u1bVKCGPbrnF7+7LBF/UHVY=
